
Microsoft Visual Studio Solution File, Format Version 12.00
# Visual Studio Version 17
VisualStudioVersion = 17.9.34701.34
MinimumVisualStudioVersion = 10.0.40219.1
Project("{9A19103F-16F7-4668-BE54-9A1E7A4F7556}") = "HRMSoftware.Web", "HRMSoftware.Web.csproj", "{89C3D811-1902-4A1C-9CAF-5F405635FEF8}"
EndProject
Global
	GlobalSection(SolutionConfigurationPlatforms) = preSolution
		Debug|Any CPU = Debug|Any CPU
		Release|Any CPU = Release|Any CPU
	EndGlobalSection
	GlobalSection(ProjectConfigurationPlatforms) = postSolution
		{89C3D811-1902-4A1C-9CAF-5F405635FEF8}.Debug|Any CPU.ActiveCfg = Debug|Any CPU
		{89C3D811-1902-4A1C-9CAF-5F405635FEF8}.Debug|Any CPU.Build.0 = Debug|Any CPU
		{89C3D811-1902-4A1C-9CAF-5F405635FEF8}.Release|Any CPU.ActiveCfg = Release|Any CPU
		{89C3D811-1902-4A1C-9CAF-5F405635FEF8}.Release|Any CPU.Build.0 = Release|Any CPU
	EndGlobalSection
	GlobalSection(SolutionProperties) = preSolution
		HideSolutionNode = FALSE
	EndGlobalSection
	GlobalSection(ExtensibilityGlobals) = postSolution
		SolutionGuid = {D1BA0D75-35B2-4C69-BA4C-025B060C2143}
	EndGlobalSection
EndGlobal
